// !$*UTF8*$!
{
	archiveVersion = 1;
	classes = {
	};
	objectVersion = 46;
	objects = {

/* Begin PBXBuildFile section */
		3E83151C1573FA6E0086129D /* Foundation.framework in Frameworks */ = {isa = PBXBuildFile; fileRef = 3E83151B1573FA6E0086129D /* Foundation.framework */; };
		3E83153C1573FAEE0086129D /* CCSVGAnimate.h in Headers */ = {isa = PBXBuildFile; fileRef = 3E8315301573FAEE0086129D /* CCSVGAnimate.h */; settings = {ATTRIBUTES = (Public, ); }; };
		3E83153D1573FAEE0086129D /* CCSVGAnimate.mm in Sources */ = {isa = PBXBuildFile; fileRef = 3E8315311573FAEE0086129D /* CCSVGAnimate.mm */; };
		3E83153E1573FAEE0086129D /* CCSVGAnimation.h in Headers */ = {isa = PBXBuildFile; fileRef = 3E8315321573FAEE0086129D /* CCSVGAnimation.h */; settings = {ATTRIBUTES = (Public, ); }; };
		3E83153F1573FAEE0086129D /* CCSVGAnimation.mm in Sources */ = {isa = PBXBuildFile; fileRef = 3E8315331573FAEE0086129D /* CCSVGAnimation.mm */; };
		3E8315401573FAEE0086129D /* CCSVGAnimationCache.h in Headers */ = {isa = PBXBuildFile; fileRef = 3E8315341573FAEE0086129D /* CCSVGAnimationCache.h */; settings = {ATTRIBUTES = (Public, ); }; };
		3E8315411573FAEE0086129D /* CCSVGAnimationCache.mm in Sources */ = {isa = PBXBuildFile; fileRef = 3E8315351573FAEE0086129D /* CCSVGAnimationCache.mm */; };
		3E8315421573FAEE0086129D /* CCSVGCache.h in Headers */ = {isa = PBXBuildFile; fileRef = 3E8315361573FAEE0086129D /* CCSVGCache.h */; settings = {ATTRIBUTES = (Public, ); }; };
		3E8315431573FAEE0086129D /* CCSVGCache.mm in Sources */ = {isa = PBXBuildFile; fileRef = 3E8315371573FAEE0086129D /* CCSVGCache.mm */; };
		3E8315441573FAEE0086129D /* CCSVGNode.h in Headers */ = {isa = PBXBuildFile; fileRef = 3E8315381573FAEE0086129D /* CCSVGNode.h */; settings = {ATTRIBUTES = (Public, ); }; };
		3E8315451573FAEE0086129D /* CCSVGNode.mm in Sources */ = {isa = PBXBuildFile; fileRef = 3E8315391573FAEE0086129D /* CCSVGNode.mm */; };
		3E8315461573FAEE0086129D /* CCSVGSource.h in Headers */ = {isa = PBXBuildFile; fileRef = 3E83153A1573FAEE0086129D /* CCSVGSource.h */; settings = {ATTRIBUTES = (Public, ); }; };
		3E8315471573FAEE0086129D /* CCSVGSource.mm in Sources */ = {isa = PBXBuildFile; fileRef = 3E83153B1573FAEE0086129D /* CCSVGSource.mm */; };
		3E8315A2157401EA0086129D /* CoreGraphics.framework in Frameworks */ = {isa = PBXBuildFile; fileRef = 3E83159C157401EA0086129D /* CoreGraphics.framework */; };
		3E8315A3157401EA0086129D /* OpenGLES.framework in Frameworks */ = {isa = PBXBuildFile; fileRef = 3E83159D157401EA0086129D /* OpenGLES.framework */; };
		3E8315A4157401EA0086129D /* QuartzCore.framework in Frameworks */ = {isa = PBXBuildFile; fileRef = 3E83159E157401EA0086129D /* QuartzCore.framework */; };
		3E8315AA1574027A0086129D /* libcocos2d.a in Frameworks */ = {isa = PBXBuildFile; fileRef = 3E8315A7157402790086129D /* libcocos2d.a */; };
		3E8315AB1574027A0086129D /* libMonkSVG_iOS.a in Frameworks */ = {isa = PBXBuildFile; fileRef = 3E8315A81574027A0086129D /* libMonkSVG_iOS.a */; };
		3E8315AC1574027A0086129D /* libMonkVG_iOS_OpenGL.a in Frameworks */ = {isa = PBXBuildFile; fileRef = 3E8315A91574027A0086129D /* libMonkVG_iOS_OpenGL.a */; };
		3E83163A1574100D0086129D /* CCSVG.h in Headers */ = {isa = PBXBuildFile; fileRef = 3E8315201573FA6E0086129D /* CCSVG.h */; settings = {ATTRIBUTES = (Public, ); }; };
		3E83172B157511B70086129D /* boost.framework in Frameworks */ = {isa = PBXBuildFile; fileRef = 3E83172A157511B70086129D /* boost.framework */; };
/* End PBXBuildFile section */

/* Begin PBXFileReference section */
		3E8315181573FA6E0086129D /* libCCSVG.a */ = {isa = PBXFileReference; explicitFileType = archive.ar; includeInIndex = 0; path = libCCSVG.a; sourceTree = BUILT_PRODUCTS_DIR; };
		3E83151B1573FA6E0086129D /* Foundation.framework */ = {isa = PBXFileReference; lastKnownFileType = wrapper.framework; name = Foundation.framework; path = System/Library/Frameworks/Foundation.framework; sourceTree = SDKROOT; };
		3E8315201573FA6E0086129D /* CCSVG.h */ = {isa = PBXFileReference; lastKnownFileType = sourcecode.c.h; path = CCSVG.h; sourceTree = "<group>"; };
		3E8315301573FAEE0086129D /* CCSVGAnimate.h */ = {isa = PBXFileReference; fileEncoding = 4; lastKnownFileType = sourcecode.c.h; path = CCSVGAnimate.h; sourceTree = "<group>"; };
		3E8315311573FAEE0086129D /* CCSVGAnimate.mm */ = {isa = PBXFileReference; fileEncoding = 4; lastKnownFileType = sourcecode.cpp.objcpp; path = CCSVGAnimate.mm; sourceTree = "<group>"; };
		3E8315321573FAEE0086129D /* CCSVGAnimation.h */ = {isa = PBXFileReference; fileEncoding = 4; lastKnownFileType = sourcecode.c.h; path = CCSVGAnimation.h; sourceTree = "<group>"; };
		3E8315331573FAEE0086129D /* CCSVGAnimation.mm */ = {isa = PBXFileReference; fileEncoding = 4; lastKnownFileType = sourcecode.cpp.objcpp; path = CCSVGAnimation.mm; sourceTree = "<group>"; };
		3E8315341573FAEE0086129D /* CCSVGAnimationCache.h */ = {isa = PBXFileReference; fileEncoding = 4; lastKnownFileType = sourcecode.c.h; path = CCSVGAnimationCache.h; sourceTree = "<group>"; };
		3E8315351573FAEE0086129D /* CCSVGAnimationCache.mm */ = {isa = PBXFileReference; fileEncoding = 4; lastKnownFileType = sourcecode.cpp.objcpp; path = CCSVGAnimationCache.mm; sourceTree = "<group>"; };
		3E8315361573FAEE0086129D /* CCSVGCache.h */ = {isa = PBXFileReference; fileEncoding = 4; lastKnownFileType = sourcecode.c.h; path = CCSVGCache.h; sourceTree = "<group>"; };
		3E8315371573FAEE0086129D /* CCSVGCache.mm */ = {isa = PBXFileReference; fileEncoding = 4; lastKnownFileType = sourcecode.cpp.objcpp; path = CCSVGCache.mm; sourceTree = "<group>"; };
		3E8315381573FAEE0086129D /* CCSVGNode.h */ = {isa = PBXFileReference; fileEncoding = 4; lastKnownFileType = sourcecode.c.h; path = CCSVGNode.h; sourceTree = "<group>"; };
		3E8315391573FAEE0086129D /* CCSVGNode.mm */ = {isa = PBXFileReference; fileEncoding = 4; lastKnownFileType = sourcecode.cpp.objcpp; path = CCSVGNode.mm; sourceTree = "<group>"; };
		3E83153A1573FAEE0086129D /* CCSVGSource.h */ = {isa = PBXFileReference; fileEncoding = 4; lastKnownFileType = sourcecode.c.h; path = CCSVGSource.h; sourceTree = "<group>"; };
		3E83153B1573FAEE0086129D /* CCSVGSource.mm */ = {isa = PBXFileReference; fileEncoding = 4; lastKnownFileType = sourcecode.cpp.objcpp; path = CCSVGSource.mm; sourceTree = "<group>"; };
		3E83159C157401EA0086129D /* CoreGraphics.framework */ = {isa = PBXFileReference; lastKnownFileType = wrapper.framework; name = CoreGraphics.framework; path = System/Library/Frameworks/CoreGraphics.framework; sourceTree = SDKROOT; };
		3E83159D157401EA0086129D /* OpenGLES.framework */ = {isa = PBXFileReference; lastKnownFileType = wrapper.framework; name = OpenGLES.framework; path = System/Library/Frameworks/OpenGLES.framework; sourceTree = SDKROOT; };
		3E83159E157401EA0086129D /* QuartzCore.framework */ = {isa = PBXFileReference; lastKnownFileType = wrapper.framework; name = QuartzCore.framework; path = System/Library/Frameworks/QuartzCore.framework; sourceTree = SDKROOT; };
		3E8315A7157402790086129D /* libcocos2d.a */ = {isa = PBXFileReference; lastKnownFileType = archive.ar; path = libcocos2d.a; sourceTree = BUILT_PRODUCTS_DIR; };
		3E8315A81574027A0086129D /* libMonkSVG_iOS.a */ = {isa = PBXFileReference; lastKnownFileType = archive.ar; path = libMonkSVG_iOS.a; sourceTree = BUILT_PRODUCTS_DIR; };
		3E8315A91574027A0086129D /* libMonkVG_iOS_OpenGL.a */ = {isa = PBXFileReference; lastKnownFileType = archive.ar; path = libMonkVG_iOS_OpenGL.a; sourceTree = BUILT_PRODUCTS_DIR; };
		3E83172A157511B70086129D /* boost.framework */ = {isa = PBXFileReference; lastKnownFileType = wrapper.framework; name = boost.framework; path = external/MonkVG/Frameworks/boost.framework; sourceTree = "<group>"; };
/* End PBXFileReference section */

/* Begin PBXFrameworksBuildPhase section */
		3E8315151573FA6E0086129D /* Frameworks */ = {
			isa = PBXFrameworksBuildPhase;
			buildActionMask = 2147483647;
			files = (
				3E8315AA1574027A0086129D /* libcocos2d.a in Frameworks */,
				3E8315AB1574027A0086129D /* libMonkSVG_iOS.a in Frameworks */,
				3E8315AC1574027A0086129D /* libMonkVG_iOS_OpenGL.a in Frameworks */,
				3E8315A2157401EA0086129D /* CoreGraphics.framework in Frameworks */,
				3E8315A3157401EA0086129D /* OpenGLES.framework in Frameworks */,
				3E8315A4157401EA0086129D /* QuartzCore.framework in Frameworks */,
				3E83151C1573FA6E0086129D /* Foundation.framework in Frameworks */,
				3E83172B157511B70086129D /* boost.framework in Frameworks */,
			);
			runOnlyForDeploymentPostprocessing = 0;
		};
/* End PBXFrameworksBuildPhase section */

/* Begin PBXGroup section */
		3E83150D1573FA6E0086129D = {
			isa = PBXGroup;
			children = (
				3E83151D1573FA6E0086129D /* Source */,
				3E83151A1573FA6E0086129D /* Frameworks */,
				3E8315191573FA6E0086129D /* Products */,
			);
			sourceTree = "<group>";
		};
		3E8315191573FA6E0086129D /* Products */ = {
			isa = PBXGroup;
			children = (
				3E8315181573FA6E0086129D /* libCCSVG.a */,
			);
			name = Products;
			sourceTree = "<group>";
		};
		3E83151A1573FA6E0086129D /* Frameworks */ = {
			isa = PBXGroup;
			children = (
				3E83172A157511B70086129D /* boost.framework */,
				3E83159C157401EA0086129D /* CoreGraphics.framework */,
				3E83151B1573FA6E0086129D /* Foundation.framework */,
				3E8315A7157402790086129D /* libcocos2d.a */,
				3E8315A81574027A0086129D /* libMonkSVG_iOS.a */,
				3E8315A91574027A0086129D /* libMonkVG_iOS_OpenGL.a */,
				3E83159D157401EA0086129D /* OpenGLES.framework */,
				3E83159E157401EA0086129D /* QuartzCore.framework */,
			);
			name = Frameworks;
			sourceTree = "<group>";
		};
		3E83151D1573FA6E0086129D /* Source */ = {
			isa = PBXGroup;
			children = (
				3E8315201573FA6E0086129D /* CCSVG.h */,
				3E8315301573FAEE0086129D /* CCSVGAnimate.h */,
				3E8315311573FAEE0086129D /* CCSVGAnimate.mm */,
				3E8315321573FAEE0086129D /* CCSVGAnimation.h */,
				3E8315331573FAEE0086129D /* CCSVGAnimation.mm */,
				3E8315341573FAEE0086129D /* CCSVGAnimationCache.h */,
				3E8315351573FAEE0086129D /* CCSVGAnimationCache.mm */,
				3E8315361573FAEE0086129D /* CCSVGCache.h */,
				3E8315371573FAEE0086129D /* CCSVGCache.mm */,
				3E8315381573FAEE0086129D /* CCSVGNode.h */,
				3E8315391573FAEE0086129D /* CCSVGNode.mm */,
				3E83153A1573FAEE0086129D /* CCSVGSource.h */,
				3E83153B1573FAEE0086129D /* CCSVGSource.mm */,
			);
			name = Source;
			path = src;
			sourceTree = "<group>";
		};
/* End PBXGroup section */

/* Begin PBXHeadersBuildPhase section */
		3E8315161573FA6E0086129D /* Headers */ = {
			isa = PBXHeadersBuildPhase;
			buildActionMask = 2147483647;
			files = (
				3E83163A1574100D0086129D /* CCSVG.h in Headers */,
				3E83153C1573FAEE0086129D /* CCSVGAnimate.h in Headers */,
				3E83153E1573FAEE0086129D /* CCSVGAnimation.h in Headers */,
				3E8315401573FAEE0086129D /* CCSVGAnimationCache.h in Headers */,
				3E8315421573FAEE0086129D /* CCSVGCache.h in Headers */,
				3E8315441573FAEE0086129D /* CCSVGNode.h in Headers */,
				3E8315461573FAEE0086129D /* CCSVGSource.h in Headers */,
			);
			runOnlyForDeploymentPostprocessing = 0;
		};
/* End PBXHeadersBuildPhase section */

/* Begin PBXNativeTarget section */
		3E8315171573FA6E0086129D /* CCSVG */ = {
			isa = PBXNativeTarget;
			buildConfigurationList = 3E8315251573FA6E0086129D /* Build configuration list for PBXNativeTarget "CCSVG" */;
			buildPhases = (
				3E8315161573FA6E0086129D /* Headers */,
				3E8315141573FA6E0086129D /* Sources */,
				3E8315151573FA6E0086129D /* Frameworks */,
			);
			buildRules = (
			);
			dependencies = (
			);
			name = CCSVG;
			productName = CCSVG;
			productReference = 3E8315181573FA6E0086129D /* libCCSVG.a */;
			productType = "com.apple.product-type.library.static";
		};
/* End PBXNativeTarget section */

/* Begin PBXProject section */
		3E83150F1573FA6E0086129D /* Project object */ = {
			isa = PBXProject;
			attributes = {
				LastUpgradeCheck = 0430;
			};
			buildConfigurationList = 3E8315121573FA6E0086129D /* Build configuration list for PBXProject "CCSVG" */;
			compatibilityVersion = "Xcode 3.2";
			developmentRegion = English;
			hasScannedForEncodings = 0;
			knownRegions = (
				en,
			);
			mainGroup = 3E83150D1573FA6E0086129D;
			productRefGroup = 3E8315191573FA6E0086129D /* Products */;
			projectDirPath = "";
			projectRoot = "";
			targets = (
				3E8315171573FA6E0086129D /* CCSVG */,
			);
		};
/* End PBXProject section */

/* Begin PBXSourcesBuildPhase section */
		3E8315141573FA6E0086129D /* Sources */ = {
			isa = PBXSourcesBuildPhase;
			buildActionMask = 2147483647;
			files = (
				3E83153D1573FAEE0086129D /* CCSVGAnimate.mm in Sources */,
				3E83153F1573FAEE0086129D /* CCSVGAnimation.mm in Sources */,
				3E8315411573FAEE0086129D /* CCSVGAnimationCache.mm in Sources */,
				3E8315431573FAEE0086129D /* CCSVGCache.mm in Sources */,
				3E8315451573FAEE0086129D /* CCSVGNode.mm in Sources */,
				3E8315471573FAEE0086129D /* CCSVGSource.mm in Sources */,
			);
			runOnlyForDeploymentPostprocessing = 0;
		};
/* End PBXSourcesBuildPhase section */

/* Begin XCBuildConfiguration section */
		3E8315231573FA6E0086129D /* Debug */ = {
			isa = XCBuildConfiguration;
			buildSettings = {
				ALWAYS_SEARCH_USER_PATHS = NO;
				ARCHS = "$(ARCHS_STANDARD_32_BIT)";
				COPY_PHASE_STRIP = NO;
				GCC_C_LANGUAGE_STANDARD = gnu99;
				GCC_DYNAMIC_NO_PIC = NO;
				GCC_OPTIMIZATION_LEVEL = 0;
				GCC_PREPROCESSOR_DEFINITIONS = (
					"DEBUG=1",
					"$(inherited)",
				);
				GCC_SYMBOLS_PRIVATE_EXTERN = NO;
				GCC_VERSION = com.apple.compilers.llvm.clang.1_0;
				GCC_WARN_ABOUT_RETURN_TYPE = YES;
				GCC_WARN_UNINITIALIZED_AUTOS = YES;
				GCC_WARN_UNUSED_VARIABLE = YES;
				IPHONEOS_DEPLOYMENT_TARGET = 5.1;
				SDKROOT = iphoneos;
			};
			name = Debug;
		};
		3E8315241573FA6E0086129D /* Release */ = {
			isa = XCBuildConfiguration;
			buildSettings = {
				ALWAYS_SEARCH_USER_PATHS = NO;
				ARCHS = "$(ARCHS_STANDARD_32_BIT)";
				COPY_PHASE_STRIP = YES;
				GCC_C_LANGUAGE_STANDARD = gnu99;
				GCC_VERSION = com.apple.compilers.llvm.clang.1_0;
				GCC_WARN_ABOUT_RETURN_TYPE = YES;
				GCC_WARN_UNINITIALIZED_AUTOS = YES;
				GCC_WARN_UNUSED_VARIABLE = YES;
				IPHONEOS_DEPLOYMENT_TARGET = 5.1;
				SDKROOT = iphoneos;
				VALIDATE_PRODUCT = YES;
			};
			name = Release;
		};
		3E8315261573FA6E0086129D /* Debug */ = {
			isa = XCBuildConfiguration;
			buildSettings = {
				DSTROOT = /tmp/CCSVG.dst;
				FRAMEWORK_SEARCH_PATHS = (
					"$(inherited)",
					"\"$(SRCROOT)/external/MonkVG/Frameworks\"",
				);
				GCC_PRECOMPILE_PREFIX_HEADER = YES;
				HEADER_SEARCH_PATHS = (
					"$(inherited)",
					"\"$(SRCROOT)/external/cocos2d-iphone/cocos2d\"/**",
					"\"$(TARGET_BUILD_DIR)/include\"",
					"\"$(OBJROOT)/UninstalledProducts/include\"",
				);
				LIBRARY_SEARCH_PATHS = (
					"\"$(SRCROOT)/../../Library/Developer/Xcode/DerivedData/CCSVG-cezvfgarawfetrcrsoqurzoiacbw/Build/Products/Debug-iphoneos\"",
					"$(inherited)",
				);
				OTHER_LDFLAGS = "-ObjC";
				PRODUCT_NAME = "$(TARGET_NAME)";
				PUBLIC_HEADERS_FOLDER_PATH = include/$TARGET_NAME;
				SKIP_INSTALL = YES;
			};
			name = Debug;
		};
		3E8315271573FA6E0086129D /* Release */ = {
			isa = XCBuildConfiguration;
			buildSettings = {
				DSTROOT = /tmp/CCSVG.dst;
				FRAMEWORK_SEARCH_PATHS = (
					"$(inherited)",
					"\"$(SRCROOT)/external/MonkVG/Frameworks\"",
				);
				GCC_PRECOMPILE_PREFIX_HEADER = YES;
				HEADER_SEARCH_PATHS = (
					"$(inherited)",
					"\"$(SRCROOT)/external/cocos2d-iphone/cocos2d\"/**",
					"\"$(TARGET_BUILD_DIR)/include\"",
					"\"$(OBJROOT)/UninstalledProducts/include\"",
				);
				LIBRARY_SEARCH_PATHS = (
					"\"$(SRCROOT)/../../Library/Developer/Xcode/DerivedData/CCSVG-cezvfgarawfetrcrsoqurzoiacbw/Build/Products/Debug-iphoneos\"",
					"$(inherited)",
				);
				OTHER_LDFLAGS = "-ObjC";
				PRODUCT_NAME = "$(TARGET_NAME)";
				PUBLIC_HEADERS_FOLDER_PATH = include/$TARGET_NAME;
				SKIP_INSTALL = YES;
			};
			name = Release;
		};
/* End XCBuildConfiguration section */

/* Begin XCConfigurationList section */
		3E8315121573FA6E0086129D /* Build configuration list for PBXProject "CCSVG" */ = {
			isa = XCConfigurationList;
			buildConfigurations = (
				3E8315231573FA6E0086129D /* Debug */,
				3E8315241573FA6E0086129D /* Release */,
			);
			defaultConfigurationIsVisible = 0;
			defaultConfigurationName = Release;
		};
		3E8315251573FA6E0086129D /* Build configuration list for PBXNativeTarget "CCSVG" */ = {
			isa = XCConfigurationList;
			buildConfigurations = (
				3E8315261573FA6E0086129D /* Debug */,
				3E8315271573FA6E0086129D /* Release */,
			);
			defaultConfigurationIsVisible = 0;
			defaultConfigurationName = Release;
		};
/* End XCConfigurationList section */
	};
	rootObject = 3E83150F1573FA6E0086129D /* Project object */;
}
